
Microsoft Visual Studio Solution File, Format Version 12.00
# Visual Studio Version 17
VisualStudioVersion = 17.3.32804.467
MinimumVisualStudioVersion = 10.0.40219.1
Project("{FAE04EC0-301F-11D3-BF4B-00C04F79EFBC}") = "NistApi.Request", "NistApi.Request\NistApi.Request.csproj", "{5CB0559E-8C2F-4983-9973-532A4AA4276F}"
EndProject
Global
	GlobalSection(SolutionConfigurationPlatforms) = preSolution
		Debug|Any CPU = Debug|Any CPU
		Release|Any CPU = Release|Any CPU
	EndGlobalSection
	GlobalSection(ProjectConfigurationPlatforms) = postSolution
		{5CB0559E-8C2F-4983-9973-532A4AA4276F}.Debug|Any CPU.ActiveCfg = Debug|Any CPU
		{5CB0559E-8C2F-4983-9973-532A4AA4276F}.Debug|Any CPU.Build.0 = Debug|Any CPU
		{5CB0559E-8C2F-4983-9973-532A4AA4276F}.Release|Any CPU.ActiveCfg = Release|Any CPU
		{5CB0559E-8C2F-4983-9973-532A4AA4276F}.Release|Any CPU.Build.0 = Release|Any CPU
	EndGlobalSection
	GlobalSection(SolutionProperties) = preSolution
		HideSolutionNode = FALSE
	EndGlobalSection
	GlobalSection(ExtensibilityGlobals) = postSolution
		SolutionGuid = {DF1EA144-1F44-45C4-AD35-B757802FDD3A}
	EndGlobalSection
EndGlobal
